
Microsoft Visual Studio Solution File, Format Version 12.00
# Visual Studio 15
Project("{FAE04EC0-301F-11D3-BF4B-00C04F79EFBC}") = "state-machine", "state-machine\state-machine.csproj", "{C76C7854-A751-43AC-8AE9-7D90D1139C38}"
EndProject
Project("{FAE04EC0-301F-11D3-BF4B-00C04F79EFBC}") = "state-machine-test", "state-machine-test\state-machine-test.csproj", "{B44CB5F5-D628-44A2-8458-A8EE59598F6E}"
EndProject
Global
	GlobalSection(SolutionConfigurationPlatforms) = preSolution
		Debug|Any CPU = Debug|Any CPU
		Release|Any CPU = Release|Any CPU
	EndGlobalSection
	GlobalSection(ProjectConfigurationPlatforms) = postSolution
		{C76C7854-A751-43AC-8AE9-7D90D1139C38}.Debug|Any CPU.ActiveCfg = Debug|Any CPU
		{C76C7854-A751-43AC-8AE9-7D90D1139C38}.Debug|Any CPU.Build.0 = Debug|Any CPU
		{C76C7854-A751-43AC-8AE9-7D90D1139C38}.Release|Any CPU.ActiveCfg = Release|Any CPU
		{C76C7854-A751-43AC-8AE9-7D90D1139C38}.Release|Any CPU.Build.0 = Release|Any CPU
		{B44CB5F5-D628-44A2-8458-A8EE59598F6E}.Debug|Any CPU.ActiveCfg = Debug|Any CPU
		{B44CB5F5-D628-44A2-8458-A8EE59598F6E}.Debug|Any CPU.Build.0 = Debug|Any CPU
		{B44CB5F5-D628-44A2-8458-A8EE59598F6E}.Release|Any CPU.ActiveCfg = Release|Any CPU
		{B44CB5F5-D628-44A2-8458-A8EE59598F6E}.Release|Any CPU.Build.0 = Release|Any CPU
	EndGlobalSection
EndGlobal
